
Microsoft Visual Studio Solution File, Format Version 12.00
# Visual Studio 15
VisualStudioVersion = 15.0.27130.2027
MinimumVisualStudioVersion = 10.0.40219.1
Project("{FAE04EC0-301F-11D3-BF4B-00C04F79EFBC}") = "HealthSpot.Web", "HealthSpot\HealthSpot.Web.csproj", "{0107F071-C601-4A07-826C-1326D404AA03}"
EndProject
Project("{FAE04EC0-301F-11D3-BF4B-00C04F79EFBC}") = "HealthSpot.Tests", "HealthSpot.Tests\HealthSpot.Tests.csproj", "{5CDED41A-7D03-4BC8-B36E-DE70B9E3306F}"
EndProject
Project("{FAE04EC0-301F-11D3-BF4B-00C04F79EFBC}") = "HealthSpot.Core", "HealthSpot.Core\HealthSpot.Core.csproj", "{AD3BCFBC-A326-477F-96F2-036C9CDF9FEC}"
EndProject
Global
	GlobalSection(SolutionConfigurationPlatforms) = preSolution
		Debug|Any CPU = Debug|Any CPU
		Release|Any CPU = Release|Any CPU
	EndGlobalSection
	GlobalSection(ProjectConfigurationPlatforms) = postSolution
		{0107F071-C601-4A07-826C-1326D404AA03}.Debug|Any CPU.ActiveCfg = Debug|Any CPU
		{0107F071-C601-4A07-826C-1326D404AA03}.Debug|Any CPU.Build.0 = Debug|Any CPU
		{0107F071-C601-4A07-826C-1326D404AA03}.Release|Any CPU.ActiveCfg = Release|Any CPU
		{0107F071-C601-4A07-826C-1326D404AA03}.Release|Any CPU.Build.0 = Release|Any CPU
		{5CDED41A-7D03-4BC8-B36E-DE70B9E3306F}.Debug|Any CPU.ActiveCfg = Debug|Any CPU
		{5CDED41A-7D03-4BC8-B36E-DE70B9E3306F}.Debug|Any CPU.Build.0 = Debug|Any CPU
		{5CDED41A-7D03-4BC8-B36E-DE70B9E3306F}.Release|Any CPU.ActiveCfg = Release|Any CPU
		{5CDED41A-7D03-4BC8-B36E-DE70B9E3306F}.Release|Any CPU.Build.0 = Release|Any CPU
		{AD3BCFBC-A326-477F-96F2-036C9CDF9FEC}.Debug|Any CPU.ActiveCfg = Debug|Any CPU
		{AD3BCFBC-A326-477F-96F2-036C9CDF9FEC}.Debug|Any CPU.Build.0 = Debug|Any CPU
		{AD3BCFBC-A326-477F-96F2-036C9CDF9FEC}.Release|Any CPU.ActiveCfg = Release|Any CPU
		{AD3BCFBC-A326-477F-96F2-036C9CDF9FEC}.Release|Any CPU.Build.0 = Release|Any CPU
	EndGlobalSection
	GlobalSection(SolutionProperties) = preSolution
		HideSolutionNode = FALSE
	EndGlobalSection
	GlobalSection(ExtensibilityGlobals) = postSolution
		SolutionGuid = {52336D3B-F6B9-42C1-BA64-65AA5A8B5E1E}
	EndGlobalSection
EndGlobal
